version = 1
requires-python = ">=3.10, <=3.12"

[[package]]
name = "async-timeout"
version = "4.0.3"
source = { registry = "https://pypi.org/simple" }
sdist = { url = "https://files.pythonhosted.org/packages/87/d6/21b30a550dafea84b1b8eee21b5e23fa16d010ae006011221f33dcd8d7f8/async-timeout-4.0.3.tar.gz", hash = "sha256:4640d96be84d82d02ed59ea2b7105a0f7b33abe8703703cd0ab0bf87c427522f", size = 8345 }
wheels = [
    { url = "https://files.pythonhosted.org/packages/a7/fa/e01228c2938de91d47b307831c62ab9e4001e747789d0b05baf779a6488c/async_timeout-4.0.3-py3-none-any.whl", hash = "sha256:7405140ff1230c310e51dc27b3145b9092d659ce68ff733fb0cefe3ee42be028", size = 5721 },
]

[[package]]
name = "dearpygui"
version = "2.0.0"
source = { registry = "https://pypi.org/simple" }
wheels = [
    { url = "https://files.pythonhosted.org/packages/79/6d/c76d935a972593fc62532c684cb92844d990228e09e34e849392930456e5/dearpygui-2.0.0-cp310-cp310-macosx_10_6_x86_64.whl", hash = "sha256:6126eec4217de6dfbe0aef4b96a0f4b385f85dab538ee806d51c5f9a5ba77c6b", size = 2222991 },
    { url = "https://files.pythonhosted.org/packages/c4/87/55ec86076fe2d2706f523023da503429a07b76aac2c63133adff8d5c6812/dearpygui-2.0.0-cp310-cp310-macosx_13_0_arm64.whl", hash = "sha256:340ddc3884740aabcddf696f984c1ff2a06b91050bf5030ab264dc9908f1329a", size = 1873606 },
    { url = "https://files.pythonhosted.org/packages/ed/32/03b21f232abeeb88d40e3e8d53ba08c300f441ce2f6d076df09767ce3c38/dearpygui-2.0.0-cp310-cp310-manylinux1_x86_64.whl", hash = "sha256:68f749fcd36ffc9cef399fb64b0dab5a4075c63574150a163208f8204f778859", size = 2636754 },
    { url = "https://files.pythonhosted.org/packages/21/5d/0556472c7c40e53b0af2d5897239bd2c2e8a447a108fcf694c6006ca2b93/dearpygui-2.0.0-cp310-cp310-win_amd64.whl", hash = "sha256:d287233603338a811b59da0af8194ff7cd7b8da768c1d056fe17b6d8a7b36a6f", size = 1813983 },
    { url = "https://files.pythonhosted.org/packages/99/3a/36d33f51bbcd44c26c8a9888caf6f185f563dfceedd0d18118a4c2e13e1f/dearpygui-2.0.0-cp311-cp311-macosx_10_6_x86_64.whl", hash = "sha256:ee81dd58b06161b5098e11fce5514f621f1fe7670c63711a4397cb1bc108dfe5", size = 2222890 },
    { url = "https://files.pythonhosted.org/packages/58/39/a4bb4b6b73ba41da8957cc6ef8f4d9fb05a8ea207afaaf208872cbac12c4/dearpygui-2.0.0-cp311-cp311-macosx_13_0_arm64.whl", hash = "sha256:5802886d4c44362764882b9339a0dbe85f9b445a98560f791acb164febc4df32", size = 1873561 },
    { url = "https://files.pythonhosted.org/packages/19/03/8a0536d201fbe0f60aa4b024f6d6712f7ff45427b52f03999fbe904850a2/dearpygui-2.0.0-cp311-cp311-manylinux1_x86_64.whl", hash = "sha256:8d5049aa54835a51cc304752a0831ad71a6ca05ee7a33e0b82f7e7e8c8ecda21", size = 2636754 },
    { url = "https://files.pythonhosted.org/packages/57/cd/272fbac4c404aaac2ca219889b8dbc5be7d5f3d7836392a1c3d8d4707e68/dearpygui-2.0.0-cp311-cp311-win_amd64.whl", hash = "sha256:73643b3528dd4b03cb22ad64afe960dc8ddd3023f211fd405eabb861fc4dd129", size = 1813888 },
    { url = "https://files.pythonhosted.org/packages/00/dc/aac3b7e5789408096f34616f2c3b3c000332970a9eea0b3362239a1c35bd/dearpygui-2.0.0-cp312-cp312-macosx_10_6_x86_64.whl", hash = "sha256:f0383d74f628ae4622863afff84ab262c9f5163a769836eb470c7243dc9ced0c", size = 2223499 },
    { url = "https://files.pythonhosted.org/packages/e5/ca/fa3e58376f8c8486f38b7266c69566c1b965072eabc59b4da95b10a114e0/dearpygui-2.0.0-cp312-cp312-macosx_13_0_arm64.whl", hash = "sha256:52c32da6911881564b6cbd95e110d6956095f7a417d2e0c12dcda8274c4fbe72", size = 1873678 },
    { url = "https://files.pythonhosted.org/packages/6f/a1/427d18fbaa578890507bd8c864262a5f1f1eaa6e10ae2ea75ba9f0a5b5a3/dearpygui-2.0.0-cp312-cp312-manylinux1_x86_64.whl", hash = "sha256:d27f7e64a282c7f0c1387003ec3b247b2c3c1583aea9427283633ad508aa2da6", size = 2636459 },
    { url = "https://files.pythonhosted.org/packages/35/ad/dd978c8eb4df7c59756d5325d18d28e97b39d3bcd54275f075c1c3c34b17/dearpygui-2.0.0-cp312-cp312-win_amd64.whl", hash = "sha256:29881d01e5d0cce0980a8d8b9761c74ff2f30d16aa800e6002a244bbc894b34e", size = 1814293 },
]

[[package]]
name = "ifaddr"
version = "0.2.0"
source = { registry = "https://pypi.org/simple" }
sdist = { url = "https://files.pythonhosted.org/packages/e8/ac/fb4c578f4a3256561548cd825646680edcadb9440f3f68add95ade1eb791/ifaddr-0.2.0.tar.gz", hash = "sha256:cc0cbfcaabf765d44595825fb96a99bb12c79716b73b44330ea38ee2b0c4aed4", size = 10485 }
wheels = [
    { url = "https://files.pythonhosted.org/packages/9c/1f/19ebc343cc71a7ffa78f17018535adc5cbdd87afb31d7c34874680148b32/ifaddr-0.2.0-py3-none-any.whl", hash = "sha256:085e0305cfe6f16ab12d72e2024030f5d52674afad6911bb1eee207177b8a748", size = 12314 },
]

[[package]]
name = "lcdielectrics"
version = "0.0.1"
source = { editable = "." }
dependencies = [
    { name = "dearpygui" },
    { name = "numpy" },
    { name = "psutil" },
    { name = "pyserial" },
    { name = "pyside6" },
    { name = "pyside6-stubs" },
    { name = "pyusb" },
    { name = "pyvisa" },
    { name = "pyvisa-py" },
    { name = "xlsxwriter" },
    { name = "zeroconf" },
]

[package.metadata]
requires-dist = [
    { name = "dearpygui" },
    { name = "numpy", specifier = "==2" },
    { name = "psutil" },
    { name = "pyserial" },
    { name = "pyside6", specifier = "==6.8.1" },
    { name = "pyside6-stubs", specifier = ">=6.4.2.0" },
    { name = "pyusb" },
    { name = "pyvisa" },
    { name = "pyvisa-py" },
    { name = "xlsxwriter" },
    { name = "zeroconf" },
]

[[package]]
name = "mypy"
version = "1.14.1"
source = { registry = "https://pypi.org/simple" }
dependencies = [
    { name = "mypy-extensions" },
    { name = "tomli", marker = "python_full_version < '3.11'" },
    { name = "typing-extensions" },
]
sdist = { url = "https://files.pythonhosted.org/packages/b9/eb/2c92d8ea1e684440f54fa49ac5d9a5f19967b7b472a281f419e69a8d228e/mypy-1.14.1.tar.gz", hash = "sha256:7ec88144fe9b510e8475ec2f5f251992690fcf89ccb4500b214b4226abcd32d6", size = 3216051 }
wheels = [
    { url = "https://files.pythonhosted.org/packages/9b/7a/87ae2adb31d68402da6da1e5f30c07ea6063e9f09b5e7cfc9dfa44075e74/mypy-1.14.1-cp310-cp310-macosx_10_9_x86_64.whl", hash = "sha256:52686e37cf13d559f668aa398dd7ddf1f92c5d613e4f8cb262be2fb4fedb0fcb", size = 11211002 },
    { url = "https://files.pythonhosted.org/packages/e1/23/eada4c38608b444618a132be0d199b280049ded278b24cbb9d3fc59658e4/mypy-1.14.1-cp310-cp310-macosx_11_0_arm64.whl", hash = "sha256:1fb545ca340537d4b45d3eecdb3def05e913299ca72c290326be19b3804b39c0", size = 10358400 },
    { url = "https://files.pythonhosted.org/packages/43/c9/d6785c6f66241c62fd2992b05057f404237deaad1566545e9f144ced07f5/mypy-1.14.1-cp310-cp310-manylinux_2_17_aarch64.manylinux2014_aarch64.manylinux_2_28_aarch64.whl", hash = "sha256:90716d8b2d1f4cd503309788e51366f07c56635a3309b0f6a32547eaaa36a64d", size = 12095172 },
    { url = "https://files.pythonhosted.org/packages/c3/62/daa7e787770c83c52ce2aaf1a111eae5893de9e004743f51bfcad9e487ec/mypy-1.14.1-cp310-cp310-manylinux_2_17_x86_64.manylinux2014_x86_64.manylinux_2_28_x86_64.whl", hash = "sha256:2ae753f5c9fef278bcf12e1a564351764f2a6da579d4a81347e1d5a15819997b", size = 12828732 },
    { url = "https://files.pythonhosted.org/packages/1b/a2/5fb18318a3637f29f16f4e41340b795da14f4751ef4f51c99ff39ab62e52/mypy-1.14.1-cp310-cp310-musllinux_1_2_x86_64.whl", hash = "sha256:e0fe0f5feaafcb04505bcf439e991c6d8f1bf8b15f12b05feeed96e9e7bf1427", size = 13012197 },
    { url = "https://files.pythonhosted.org/packages/28/99/e153ce39105d164b5f02c06c35c7ba958aaff50a2babba7d080988b03fe7/mypy-1.14.1-cp310-cp310-win_amd64.whl", hash = "sha256:7d54bd85b925e501c555a3227f3ec0cfc54ee8b6930bd6141ec872d1c572f81f", size = 9780836 },
    { url = "https://files.pythonhosted.org/packages/da/11/a9422850fd506edbcdc7f6090682ecceaf1f87b9dd847f9df79942da8506/mypy-1.14.1-cp311-cp311-macosx_10_9_x86_64.whl", hash = "sha256:f995e511de847791c3b11ed90084a7a0aafdc074ab88c5a9711622fe4751138c", size = 11120432 },
    { url = "https://files.pythonhosted.org/packages/b6/9e/47e450fd39078d9c02d620545b2cb37993a8a8bdf7db3652ace2f80521ca/mypy-1.14.1-cp311-cp311-macosx_11_0_arm64.whl", hash = "sha256:d64169ec3b8461311f8ce2fd2eb5d33e2d0f2c7b49116259c51d0d96edee48d1", size = 10279515 },
    { url = "https://files.pythonhosted.org/packages/01/b5/6c8d33bd0f851a7692a8bfe4ee75eb82b6983a3cf39e5e32a5d2a723f0c1/mypy-1.14.1-cp311-cp311-manylinux_2_17_aarch64.manylinux2014_aarch64.manylinux_2_28_aarch64.whl", hash = "sha256:ba24549de7b89b6381b91fbc068d798192b1b5201987070319889e93038967a8", size = 12025791 },
    { url = "https://files.pythonhosted.org/packages/f0/4c/e10e2c46ea37cab5c471d0ddaaa9a434dc1d28650078ac1b56c2d7b9b2e4/mypy-1.14.1-cp311-cp311-manylinux_2_17_x86_64.manylinux2014_x86_64.manylinux_2_28_x86_64.whl", hash = "sha256:183cf0a45457d28ff9d758730cd0210419ac27d4d3f285beda038c9083363b1f", size = 12749203 },
    { url = "https://files.pythonhosted.org/packages/88/55/beacb0c69beab2153a0f57671ec07861d27d735a0faff135a494cd4f5020/mypy-1.14.1-cp311-cp311-musllinux_1_2_x86_64.whl", hash = "sha256:f2a0ecc86378f45347f586e4163d1769dd81c5a223d577fe351f26b179e148b1", size = 12885900 },
    { url = "https://files.pythonhosted.org/packages/a2/75/8c93ff7f315c4d086a2dfcde02f713004357d70a163eddb6c56a6a5eff40/mypy-1.14.1-cp311-cp311-win_amd64.whl", hash = "sha256:ad3301ebebec9e8ee7135d8e3109ca76c23752bac1e717bc84cd3836b4bf3eae", size = 9777869 },
    { url = "https://files.pythonhosted.org/packages/43/1b/b38c079609bb4627905b74fc6a49849835acf68547ac33d8ceb707de5f52/mypy-1.14.1-cp312-cp312-macosx_10_13_x86_64.whl", hash = "sha256:30ff5ef8519bbc2e18b3b54521ec319513a26f1bba19a7582e7b1f58a6e69f14", size = 11266668 },
    { url = "https://files.pythonhosted.org/packages/6b/75/2ed0d2964c1ffc9971c729f7a544e9cd34b2cdabbe2d11afd148d7838aa2/mypy-1.14.1-cp312-cp312-macosx_11_0_arm64.whl", hash = "sha256:cb9f255c18052343c70234907e2e532bc7e55a62565d64536dbc7706a20b78b9", size = 10254060 },
    { url = "https://files.pythonhosted.org/packages/a1/5f/7b8051552d4da3c51bbe8fcafffd76a6823779101a2b198d80886cd8f08e/mypy-1.14.1-cp312-cp312-manylinux_2_17_aarch64.manylinux2014_aarch64.manylinux_2_28_aarch64.whl", hash = "sha256:8b4e3413e0bddea671012b063e27591b953d653209e7a4fa5e48759cda77ca11", size = 11933167 },
    { url = "https://files.pythonhosted.org/packages/04/90/f53971d3ac39d8b68bbaab9a4c6c58c8caa4d5fd3d587d16f5927eeeabe1/mypy-1.14.1-cp312-cp312-manylinux_2_17_x86_64.manylinux2014_x86_64.manylinux_2_28_x86_64.whl", hash = "sha256:553c293b1fbdebb6c3c4030589dab9fafb6dfa768995a453d8a5d3b23784af2e", size = 12864341 },
    { url = "https://files.pythonhosted.org/packages/03/d2/8bc0aeaaf2e88c977db41583559319f1821c069e943ada2701e86d0430b7/mypy-1.14.1-cp312-cp312-musllinux_1_2_x86_64.whl", hash = "sha256:fad79bfe3b65fe6a1efaed97b445c3d37f7be9fdc348bdb2d7cac75579607c89", size = 12972991 },
    { url = "https://files.pythonhosted.org/packages/6f/17/07815114b903b49b0f2cf7499f1c130e5aa459411596668267535fe9243c/mypy-1.14.1-cp312-cp312-win_amd64.whl", hash = "sha256:8fa2220e54d2946e94ab6dbb3ba0a992795bd68b16dc852db33028df2b00191b", size = 9879016 },
    { url = "https://files.pythonhosted.org/packages/a0/b5/32dd67b69a16d088e533962e5044e51004176a9952419de0370cdaead0f8/mypy-1.14.1-py3-none-any.whl", hash = "sha256:b66a60cc4073aeb8ae00057f9c1f64d49e90f918fbcef9a977eb121da8b8f1d1", size = 2752905 },
]

[[package]]
name = "mypy-extensions"
version = "1.0.0"
source = { registry = "https://pypi.org/simple" }
sdist = { url = "https://files.pythonhosted.org/packages/98/a4/1ab47638b92648243faf97a5aeb6ea83059cc3624972ab6b8d2316078d3f/mypy_extensions-1.0.0.tar.gz", hash = "sha256:75dbf8955dc00442a438fc4d0666508a9a97b6bd41aa2f0ffe9d2f2725af0782", size = 4433 }
wheels = [
    { url = "https://files.pythonhosted.org/packages/2a/e2/5d3f6ada4297caebe1a2add3b126fe800c96f56dbe5d1988a2cbe0b267aa/mypy_extensions-1.0.0-py3-none-any.whl", hash = "sha256:4392f6c0eb8a5668a69e23d168ffa70f0be9ccfd32b5cc2d26a34ae5b844552d", size = 4695 },
]

[[package]]
name = "numpy"
version = "2.0.0"
source = { registry = "https://pypi.org/simple" }
sdist = { url = "https://files.pythonhosted.org/packages/05/35/fb1ada118002df3fe91b5c3b28bc0d90f879b881a5d8f68b1f9b79c44bfe/numpy-2.0.0.tar.gz", hash = "sha256:cf5d1c9e6837f8af9f92b6bd3e86d513cdc11f60fd62185cc49ec7d1aba34864", size = 18326228 }
wheels = [
    { url = "https://files.pythonhosted.org/packages/3a/83/24dafa898f172e198a1c164eb01675bbcbf5895ac8f9b1f8078ea5c2fdb5/numpy-2.0.0-cp310-cp310-macosx_10_9_x86_64.whl", hash = "sha256:04494f6ec467ccb5369d1808570ae55f6ed9b5809d7f035059000a37b8d7e86f", size = 21214540 },
    { url = "https://files.pythonhosted.org/packages/b6/8f/780b1719bee25794115b23dafd022aa4a835002077df58d4234ca6a23143/numpy-2.0.0-cp310-cp310-macosx_11_0_arm64.whl", hash = "sha256:2635dbd200c2d6faf2ef9a0d04f0ecc6b13b3cad54f7c67c61155138835515d2", size = 13307901 },
    { url = "https://files.pythonhosted.org/packages/3b/61/e1e77694c4ed929c8edebde7d2ac30dbf3ed452c1988b633569d3d7ff271/numpy-2.0.0-cp310-cp310-macosx_14_0_arm64.whl", hash = "sha256:0a43f0974d501842866cc83471bdb0116ba0dffdbaac33ec05e6afed5b615238", size = 5238781 },
    { url = "https://files.pythonhosted.org/packages/fc/1f/34b58ba54b5f202728083b5007d4b27dfcfd0edc616addadb0b35c7817d7/numpy-2.0.0-cp310-cp310-macosx_14_0_x86_64.whl", hash = "sha256:8d83bb187fb647643bd56e1ae43f273c7f4dbcdf94550d7938cfc32566756514", size = 6882511 },
    { url = "https://files.pythonhosted.org/packages/e1/5f/e51e3ebdaad1bccffdf9ba4b979c8b2fe2bd376d10bf9e9b59e1c6972a1a/numpy-2.0.0-cp310-cp310-manylinux_2_17_aarch64.manylinux2014_aarch64.whl", hash = "sha256:79e843d186c8fb1b102bef3e2bc35ef81160ffef3194646a7fdd6a73c6b97196", size = 13904765 },
    { url = "https://files.pythonhosted.org/packages/d6/a8/6a2419c40c7b6f7cb4ef52c532c88e55490c4fa92885964757d507adddce/numpy-2.0.0-cp310-cp310-manylinux_2_17_x86_64.manylinux2014_x86_64.whl", hash = "sha256:6d7696c615765091cc5093f76fd1fa069870304beaccfd58b5dcc69e55ef49c1", size = 19282097 },
    { url = "https://files.pythonhosted.org/packages/52/d3/74989fffc21c74fba73eb05591cf3a56aaa135ee2427826217487028abd0/numpy-2.0.0-cp310-cp310-musllinux_1_1_x86_64.whl", hash = "sha256:b4c76e3d4c56f145d41b7b6751255feefae92edbc9a61e1758a98204200f30fc", size = 19699985 },
    { url = "https://files.pythonhosted.org/packages/23/8a/a5cac659347f916cfaf2343eba577e98c83edd1ad6ada5586018961bf667/numpy-2.0.0-cp310-cp310-musllinux_1_2_aarch64.whl", hash = "sha256:acd3a644e4807e73b4e1867b769fbf1ce8c5d80e7caaef0d90dcdc640dfc9787", size = 14406309 },
    { url = "https://files.pythonhosted.org/packages/8b/c4/858aadfd1f3f2f815c03be62556115f43796b805943755a9aef5b6b29b04/numpy-2.0.0-cp310-cp310-win32.whl", hash = "sha256:cee6cc0584f71adefe2c908856ccc98702baf95ff80092e4ca46061538a2ba98", size = 6358424 },
    { url = "https://files.pythonhosted.org/packages/9c/de/7d17991e0683f84bcfefcf4e3f43da6b37155b9e6a0429942494f044a7ef/numpy-2.0.0-cp310-cp310-win_amd64.whl", hash = "sha256:ed08d2703b5972ec736451b818c2eb9da80d66c3e84aed1deeb0c345fefe461b", size = 16507217 },
    { url = "https://files.pythonhosted.org/packages/58/52/a1aea658c7134ea0977542fc4d1aa6f1f9876c6a14ffeecd9394d839bc16/numpy-2.0.0-cp311-cp311-macosx_10_9_x86_64.whl", hash = "sha256:ad0c86f3455fbd0de6c31a3056eb822fc939f81b1618f10ff3406971893b62a5", size = 21218342 },
    { url = "https://files.pythonhosted.org/packages/77/4d/ba4a60298c55478b34f13c97a0ac2cf8d225320322976252a250ed04040a/numpy-2.0.0-cp311-cp311-macosx_11_0_arm64.whl", hash = "sha256:e7f387600d424f91576af20518334df3d97bc76a300a755f9a8d6e4f5cadd289", size = 13272871 },
    { url = "https://files.pythonhosted.org/packages/01/4a/611a907421d8098d5edc8c2b10c3583796ee8da4156f8f7de52c2f4c9d90/numpy-2.0.0-cp311-cp311-macosx_14_0_arm64.whl", hash = "sha256:34f003cb88b1ba38cb9a9a4a3161c1604973d7f9d5552c38bc2f04f829536609", size = 5237037 },
    { url = "https://files.pythonhosted.org/packages/4f/c1/42d1789f1dff7b65f2d3237eb88db258a5a7fdfb981b895509887c92838d/numpy-2.0.0-cp311-cp311-macosx_14_0_x86_64.whl", hash = "sha256:b6f6a8f45d0313db07d6d1d37bd0b112f887e1369758a5419c0370ba915b3871", size = 6886342 },
    { url = "https://files.pythonhosted.org/packages/cd/37/595f27a95ff976e8086bc4be1ede21ed24ca4bc127588da59197a65d066f/numpy-2.0.0-cp311-cp311-manylinux_2_17_aarch64.manylinux2014_aarch64.whl", hash = "sha256:5f64641b42b2429f56ee08b4f427a4d2daf916ec59686061de751a55aafa22e4", size = 13913798 },
    { url = "https://files.pythonhosted.org/packages/d1/27/2a7bd6855dc717aeec5f553073a3c426b9c816126555f8e616392eab856b/numpy-2.0.0-cp311-cp311-manylinux_2_17_x86_64.manylinux2014_x86_64.whl", hash = "sha256:a7039a136017eaa92c1848152827e1424701532ca8e8967fe480fe1569dae581", size = 19292279 },
    { url = "https://files.pythonhosted.org/packages/1b/54/966a3f5a93d709672ad851f6db52461c0584bab52f2230cf76be482302c6/numpy-2.0.0-cp311-cp311-musllinux_1_1_x86_64.whl", hash = "sha256:46e161722e0f619749d1cd892167039015b2c2817296104487cd03ed4a955995", size = 19709770 },
    { url = "https://files.pythonhosted.org/packages/cc/8b/9340ac45b6cd8bb92a03f797dbe9b7949f5b3789482e1d824cbebc80fda7/numpy-2.0.0-cp311-cp311-musllinux_1_2_aarch64.whl", hash = "sha256:0e50842b2295ba8414c8c1d9d957083d5dfe9e16828b37de883f51fc53c4016f", size = 14417906 },
    { url = "https://files.pythonhosted.org/packages/fa/46/614507d78ca8ce1567ac2c3bf7a79bfd413d6fc96dc6b415abaeb3734c0a/numpy-2.0.0-cp311-cp311-win32.whl", hash = "sha256:2ce46fd0b8a0c947ae047d222f7136fc4d55538741373107574271bc00e20e8f", size = 6357084 },
    { url = "https://files.pythonhosted.org/packages/9b/0f/022ca4783b6e6239a53b988a4d315d67f9ae7126227fb2255054a558bd72/numpy-2.0.0-cp311-cp311-win_amd64.whl", hash = "sha256:fbd6acc766814ea6443628f4e6751d0da6593dae29c08c0b2606164db026970c", size = 16511678 },
    { url = "https://files.pythonhosted.org/packages/b7/c8/899826a2d5c94f607f5e4a6f1a0e8b07c8fea3a5b674c5706115b8aad9bb/numpy-2.0.0-cp312-cp312-macosx_10_9_x86_64.whl", hash = "sha256:354f373279768fa5a584bac997de6a6c9bc535c482592d7a813bb0c09be6c76f", size = 20944792 },
    { url = "https://files.pythonhosted.org/packages/fe/ec/8ae7750d33565769c8bb7ba925d4e73ecb2de6cd8eaa6fd527fbd52797ee/numpy-2.0.0-cp312-cp312-macosx_11_0_arm64.whl", hash = "sha256:4d2f62e55a4cd9c58c1d9a1c9edaedcd857a73cb6fda875bf79093f9d9086f85", size = 13042186 },
    { url = "https://files.pythonhosted.org/packages/3f/ab/1dc9f176d3084a2546cf76eb213dc61586d015ef59b3b17947b0e40038af/numpy-2.0.0-cp312-cp312-macosx_14_0_arm64.whl", hash = "sha256:1e72728e7501a450288fc8e1f9ebc73d90cfd4671ebbd631f3e7857c39bd16f2", size = 4977729 },
    { url = "https://files.pythonhosted.org/packages/a0/97/61ed64cedc1b94a7939e3ab3db587822320d90a77bef70fcb586ea7c1931/numpy-2.0.0-cp312-cp312-macosx_14_0_x86_64.whl", hash = "sha256:84554fc53daa8f6abf8e8a66e076aff6ece62de68523d9f665f32d2fc50fd66e", size = 6610230 },
    { url = "https://files.pythonhosted.org/packages/bb/31/1f050169270d51ef0346d4c84c7df1c45af16ea304ed5f7151584788d32e/numpy-2.0.0-cp312-cp312-manylinux_2_17_aarch64.manylinux2014_aarch64.whl", hash = "sha256:c73aafd1afca80afecb22718f8700b40ac7cab927b8abab3c3e337d70e10e5a2", size = 13619789 },
    { url = "https://files.pythonhosted.org/packages/28/95/b56fc6b2abe37c03923b50415df483cf93e09e7438872280a5486131d804/numpy-2.0.0-cp312-cp312-manylinux_2_17_x86_64.manylinux2014_x86_64.whl", hash = "sha256:49d9f7d256fbc804391a7f72d4a617302b1afac1112fac19b6c6cec63fe7fe8a", size = 18993635 },
    { url = "https://files.pythonhosted.org/packages/df/16/4c165a5194fc70e4a131f8db463e6baf34e0d191ed35d40a161ee4c885d4/numpy-2.0.0-cp312-cp312-musllinux_1_1_x86_64.whl", hash = "sha256:0ec84b9ba0654f3b962802edc91424331f423dcf5d5f926676e0150789cb3d95", size = 19408219 },
    { url = "https://files.pythonhosted.org/packages/00/4c/440bad868bd3aff4fe4e293175a20da70cddff8674b3654eb2f112868ccf/numpy-2.0.0-cp312-cp312-musllinux_1_2_aarch64.whl", hash = "sha256:feff59f27338135776f6d4e2ec7aeeac5d5f7a08a83e80869121ef8164b74af9", size = 14101574 },
    { url = "https://files.pythonhosted.org/packages/26/18/49f1e851f4157198c50f67ea3462797283aa36dd4b0c24b15f63e8118481/numpy-2.0.0-cp312-cp312-win32.whl", hash = "sha256:c5a59996dc61835133b56a32ebe4ef3740ea5bc19b3983ac60cc32be5a665d54", size = 6060205 },
    { url = "https://files.pythonhosted.org/packages/ad/9c/4a93b8e395b755c53628573d75d7b21985d9a0f416e978d637084ccc8ec3/numpy-2.0.0-cp312-cp312-win_amd64.whl", hash = "sha256:a356364941fb0593bb899a1076b92dfa2029f6f5b8ba88a14fd0984aaf76d0df", size = 16208660 },
]

[[package]]
name = "psutil"
version = "6.0.0"
source = { registry = "https://pypi.org/simple" }
sdist = { url = "https://files.pythonhosted.org/packages/18/c7/8c6872f7372eb6a6b2e4708b88419fb46b857f7a2e1892966b851cc79fc9/psutil-6.0.0.tar.gz", hash = "sha256:8faae4f310b6d969fa26ca0545338b21f73c6b15db7c4a8d934a5482faa818f2", size = 508067 }
wheels = [
    { url = "https://files.pythonhosted.org/packages/0b/37/f8da2fbd29690b3557cca414c1949f92162981920699cd62095a984983bf/psutil-6.0.0-cp36-abi3-macosx_10_9_x86_64.whl", hash = "sha256:c588a7e9b1173b6e866756dde596fd4cad94f9399daf99ad8c3258b3cb2b47a0", size = 250961 },
    { url = "https://files.pythonhosted.org/packages/35/56/72f86175e81c656a01c4401cd3b1c923f891b31fbcebe98985894176d7c9/psutil-6.0.0-cp36-abi3-manylinux_2_12_i686.manylinux2010_i686.manylinux_2_17_i686.manylinux2014_i686.whl", hash = "sha256:6ed2440ada7ef7d0d608f20ad89a04ec47d2d3ab7190896cd62ca5fc4fe08bf0", size = 287478 },
    { url = "https://files.pythonhosted.org/packages/19/74/f59e7e0d392bc1070e9a70e2f9190d652487ac115bb16e2eff6b22ad1d24/psutil-6.0.0-cp36-abi3-manylinux_2_12_x86_64.manylinux2010_x86_64.manylinux_2_17_x86_64.manylinux2014_x86_64.whl", hash = "sha256:5fd9a97c8e94059b0ef54a7d4baf13b405011176c3b6ff257c247cae0d560ecd", size = 290455 },
    { url = "https://files.pythonhosted.org/packages/cd/5f/60038e277ff0a9cc8f0c9ea3d0c5eb6ee1d2470ea3f9389d776432888e47/psutil-6.0.0-cp36-abi3-manylinux_2_17_aarch64.manylinux2014_aarch64.whl", hash = "sha256:e2e8d0054fc88153ca0544f5c4d554d42e33df2e009c4ff42284ac9ebdef4132", size = 292046 },
    { url = "https://files.pythonhosted.org/packages/8b/20/2ff69ad9c35c3df1858ac4e094f20bd2374d33c8643cf41da8fd7cdcb78b/psutil-6.0.0-cp37-abi3-win32.whl", hash = "sha256:a495580d6bae27291324fe60cea0b5a7c23fa36a7cd35035a16d93bdcf076b9d", size = 253560 },
    { url = "https://files.pythonhosted.org/packages/73/44/561092313ae925f3acfaace6f9ddc4f6a9c748704317bad9c8c8f8a36a79/psutil-6.0.0-cp37-abi3-win_amd64.whl", hash = "sha256:33ea5e1c975250a720b3a6609c490db40dae5d83a4eb315170c4fe0d8b1f34b3", size = 257399 },
    { url = "https://files.pythonhosted.org/packages/7c/06/63872a64c312a24fb9b4af123ee7007a306617da63ff13bcc1432386ead7/psutil-6.0.0-cp38-abi3-macosx_11_0_arm64.whl", hash = "sha256:ffe7fc9b6b36beadc8c322f84e1caff51e8703b88eee1da46d1e3a6ae11b4fd0", size = 251988 },
]

[[package]]
name = "pyserial"
version = "3.5"
source = { registry = "https://pypi.org/simple" }
sdist = { url = "https://files.pythonhosted.org/packages/1e/7d/ae3f0a63f41e4d2f6cb66a5b57197850f919f59e558159a4dd3a818f5082/pyserial-3.5.tar.gz", hash = "sha256:3c77e014170dfffbd816e6ffc205e9842efb10be9f58ec16d3e8675b4925cddb", size = 159125 }
wheels = [
    { url = "https://files.pythonhosted.org/packages/07/bc/587a445451b253b285629263eb51c2d8e9bcea4fc97826266d186f96f558/pyserial-3.5-py2.py3-none-any.whl", hash = "sha256:c4451db6ba391ca6ca299fb3ec7bae67a5c55dde170964c7a14ceefec02f2cf0", size = 90585 },
]

[[package]]
name = "pyside6"
version = "6.8.1"
source = { registry = "https://pypi.org/simple" }
dependencies = [
    { name = "pyside6-addons" },
    { name = "pyside6-essentials" },
    { name = "shiboken6" },
]
wheels = [
    { url = "https://files.pythonhosted.org/packages/3f/64/3a56578e01a4d282f15c42f2f0a0322c1e010d1339901d1a52880a678806/PySide6-6.8.1-cp39-abi3-macosx_12_0_universal2.whl", hash = "sha256:6d1fd95651cdbdea741af21e155350986eca31ff015fc4c721ce01c2a110a4cc", size = 531916 },
    { url = "https://files.pythonhosted.org/packages/cf/9b/923e4bf34c85e04f7b60e89e27e150a08b5e6a2b5950227e3010c6d9d2ba/PySide6-6.8.1-cp39-abi3-manylinux_2_28_x86_64.whl", hash = "sha256:7d6adc5d53313249bbe02edb673877c1d437e215d71e88da78412520653f5c9f", size = 532709 },
    { url = "https://files.pythonhosted.org/packages/7e/7e/366c05e29a17a9e85edffd147dacfbabc76ee7e6e0f9583328559eb74fbb/PySide6-6.8.1-cp39-abi3-manylinux_2_39_aarch64.whl", hash = "sha256:ddeeaeca8ebd0ddb1ded30dd33e9240a40f330cc91832de346ba6c9d0cd1253e", size = 532709 },
    { url = "https://files.pythonhosted.org/packages/68/e6/4cffea422cca3f5bc3d595739b3a35ee710e9864f8ca5c6cf48376864ac0/PySide6-6.8.1-cp39-abi3-win_amd64.whl", hash = "sha256:866eeaca3ffead6b9d30fa3ed395d5624da0246d7586c8b8207e77ac65d82458", size = 538388 },
]

[[package]]
name = "pyside6-addons"
version = "6.8.1"
source = { registry = "https://pypi.org/simple" }
dependencies = [
    { name = "pyside6-essentials" },
    { name = "shiboken6" },
]
wheels = [
    { url = "https://files.pythonhosted.org/packages/ee/3d/7fb4334d5250a9fa23ca57b81a77e60edf77d2f60bc5ca0ba9a8e3bc56fb/PySide6_Addons-6.8.1-cp39-abi3-macosx_12_0_universal2.whl", hash = "sha256:879c12346b4b76f5d5ee6499d8ca53b5666c0c998b8fdf8780f08f69ea95d6f9", size = 302212966 },
    { url = "https://files.pythonhosted.org/packages/e4/f6/f3071f51e39e9fbe186aafc1c8d8a0b2a4bd9eb393fee702b73ed3eef5ae/PySide6_Addons-6.8.1-cp39-abi3-manylinux_2_28_x86_64.whl", hash = "sha256:f80cc03c1ac54132c6f800aa461dced64acd7d1646898db164ccb56fe3c23dd4", size = 160308867 },
    { url = "https://files.pythonhosted.org/packages/48/12/9ff2937b571feccde5261e5be6806bdc5208f29a826783bacec756667384/PySide6_Addons-6.8.1-cp39-abi3-manylinux_2_39_aarch64.whl", hash = "sha256:570a25016d80046274f454ed0bb06734f478ce6c21be5dec62b624773fc7504e", size = 156107988 },
    { url = "https://files.pythonhosted.org/packages/ca/71/32e2cadc50996ea855d35baba03e0b783f5ed9ae82f3da67623e66ef44a5/PySide6_Addons-6.8.1-cp39-abi3-win_amd64.whl", hash = "sha256:d7c8c1e89ee0db84631d5b8fdb9129d9d2a0ffb3b4cb2f5192dc8367dd980db4", size = 127967740 },
]

[[package]]
name = "pyside6-essentials"
version = "6.8.1"
source = { registry = "https://pypi.org/simple" }
dependencies = [
    { name = "shiboken6" },
]
wheels = [
    { url = "https://files.pythonhosted.org/packages/2c/b9/1de4473bc02b9bd325b996352f88db3a235e7e227a3d6a8bd6d3744ebb52/PySide6_Essentials-6.8.1-cp39-abi3-macosx_12_0_universal2.whl", hash = "sha256:bd05155245e3cd1572e68d72772e78fadfd713575bbfdd2c5e060d5278e390e9", size = 164790658 },
    { url = "https://files.pythonhosted.org/packages/b1/cc/5af1e0c0306cd75864fba49934977d0a96bec4b293b2244f6f80460c2ff5/PySide6_Essentials-6.8.1-cp39-abi3-manylinux_2_28_x86_64.whl", hash = "sha256:2f600b149e65b57acd6a444edb17615adc42cc2491548ae443ccb574036d86b1", size = 95271238 },
    { url = "https://files.pythonhosted.org/packages/49/65/21e45a27ec195e01b7af9935e8fa207c30f6afd5389e563fa4be2558281b/PySide6_Essentials-6.8.1-cp39-abi3-manylinux_2_39_aarch64.whl", hash = "sha256:bf8a3c9ee0b997eb18fb00cb09aacaa28b8a51ce3c295a252cc594c5530aba56", size = 93125810 },
    { url = "https://files.pythonhosted.org/packages/6c/6f/bdc288149c92664a487816055ba55fa5884f1e07bc35b66c5d22530d0a6d/PySide6_Essentials-6.8.1-cp39-abi3-win_amd64.whl", hash = "sha256:d5ed4ddb149f36d65bc49ae4260b2d213ee88b2d9a309012ae27f38158c2d1b6", size = 72570590 },
]

[[package]]
name = "pyside6-stubs"
version = "6.4.2.0"
source = { registry = "https://pypi.org/simple" }
dependencies = [
    { name = "mypy" },
    { name = "pyside6" },
]
sdist = { url = "https://files.pythonhosted.org/packages/71/85/1c504346a5da5b69ba59a235a897430dc302b9d3c12c4d41a849e4b5aff4/PySide6-stubs-6.4.2.0.tar.gz", hash = "sha256:d5578eb1597d1c07831c899b35636410b08915a4695ce6e41cceb6707c400fcf", size = 433881 }
wheels = [
    { url = "https://files.pythonhosted.org/packages/44/75/2e5f1bab9445805971d52563684a14fccf2a835b101f8f392db32cf631c5/PySide6_stubs-6.4.2.0-py3-none-any.whl", hash = "sha256:e825ded4b3555d540f297f405e3a9dc0943c032a96c53184cf644a8e4c4a6b0b", size = 469627 },
]

[[package]]
name = "pyusb"
version = "1.2.1"
source = { registry = "https://pypi.org/simple" }
sdist = { url = "https://files.pythonhosted.org/packages/d9/6e/433a5614132576289b8643fe598dd5d51b16e130fd591564be952e15bb45/pyusb-1.2.1.tar.gz", hash = "sha256:a4cc7404a203144754164b8b40994e2849fde1cfff06b08492f12fff9d9de7b9", size = 75292 }
wheels = [
    { url = "https://files.pythonhosted.org/packages/15/a8/4982498b2ab44d1fcd5c49f07ea3795eab01601dc143b009d333fcace3b9/pyusb-1.2.1-py3-none-any.whl", hash = "sha256:2b4c7cb86dbadf044dfb9d3a4ff69fd217013dbe78a792177a3feb172449ea36", size = 58439 },
]

[[package]]
name = "pyvisa"
version = "1.12.0"
source = { registry = "https://pypi.org/simple" }
dependencies = [
    { name = "typing-extensions" },
]
sdist = { url = "https://files.pythonhosted.org/packages/67/e8/565ec099db6048b866dc28a38a5937913e7de1c247bee0ae26fc5d10bd1f/PyVISA-1.12.0.tar.gz", hash = "sha256:73a38e6bf7431449bd3e1c7bf51a995f62fcae68df580c01c30628629c6b5cbf", size = 226274 }
wheels = [
    { url = "https://files.pythonhosted.org/packages/34/39/89f7db730e3c751d7738d52ce05da604796f50cccc907fd650cf217a7bc0/PyVISA-1.12.0-py3-none-any.whl", hash = "sha256:4cbe2f37f75dd233638154f377af7522b8c1dc8324cce3dc3e9563a9b7b84add", size = 175539 },
]

[[package]]
name = "pyvisa-py"
version = "0.6.3"
source = { registry = "https://pypi.org/simple" }
dependencies = [
    { name = "pyvisa" },
    { name = "typing-extensions" },
]
sdist = { url = "https://files.pythonhosted.org/packages/97/73/2ca306bfca54edbec43a73c714dbdaf6672737727c5a4bd16621e0718138/PyVISA-py-0.6.3.tar.gz", hash = "sha256:045b95d3827e5859fc9e80f8890aee047d6f736543002c7c13b5e934eb50b3c7", size = 90391 }
wheels = [
    { url = "https://files.pythonhosted.org/packages/25/16/44fc360da80af77ed9fe5d9335cf624a9e797c969b79f2daa4eff53fc759/PyVISA_py-0.6.3-py3-none-any.whl", hash = "sha256:a3451a96fb2a16a47d3957e536bd94d94063da9a83db7b9f6c3cf265824dfd8e", size = 70025 },
]

[[package]]
name = "shiboken6"
version = "6.8.1"
source = { registry = "https://pypi.org/simple" }
wheels = [
    { url = "https://files.pythonhosted.org/packages/27/66/1acae15fe8126356e8ad460b5dfdc2a17af51de9044c1a3c0e4f9ae69356/shiboken6-6.8.1-cp39-abi3-macosx_12_0_universal2.whl", hash = "sha256:9a2f51d1ddd3b6d193a0f0fdc09f8d41f2092bc664723c9b9efc1056660d0608", size = 399604 },
    { url = "https://files.pythonhosted.org/packages/58/21/e5af942e6fc5a8c6b973aac8d822415ac54041b6861c3d835be9d217f538/shiboken6-6.8.1-cp39-abi3-manylinux_2_28_x86_64.whl", hash = "sha256:1dc4c1976809b0e68872bb98474cccd590455bdcd015f0e0639907e94af27b6a", size = 203095 },
    { url = "https://files.pythonhosted.org/packages/23/a1/711c7801386d49f9261eeace3f9dbe8f21b2d28b85d4d3b9e6342379c440/shiboken6-6.8.1-cp39-abi3-manylinux_2_39_aarch64.whl", hash = "sha256:ab5b60602ca6227103138aae89c4f5df3b1b8e249cbc8ec9e6e2a57f20ad9a91", size = 200113 },
    { url = "https://files.pythonhosted.org/packages/2b/5f/3e9aa2b2fd1e24ff7e99717fa1ce3198556433e7ef611728e86f1fd70f94/shiboken6-6.8.1-cp39-abi3-win_amd64.whl", hash = "sha256:3ea127fd72be113b73cacd70e06687ad6f83c1c888047833c7dcdd5cf8e7f586", size = 1149267 },
]

[[package]]
name = "tomli"
version = "2.2.1"
source = { registry = "https://pypi.org/simple" }
sdist = { url = "https://files.pythonhosted.org/packages/18/87/302344fed471e44a87289cf4967697d07e532f2421fdaf868a303cbae4ff/tomli-2.2.1.tar.gz", hash = "sha256:cd45e1dc79c835ce60f7404ec8119f2eb06d38b1deba146f07ced3bbc44505ff", size = 17175 }
wheels = [
    { url = "https://files.pythonhosted.org/packages/43/ca/75707e6efa2b37c77dadb324ae7d9571cb424e61ea73fad7c56c2d14527f/tomli-2.2.1-cp311-cp311-macosx_10_9_x86_64.whl", hash = "sha256:678e4fa69e4575eb77d103de3df8a895e1591b48e740211bd1067378c69e8249", size = 131077 },
    { url = "https://files.pythonhosted.org/packages/c7/16/51ae563a8615d472fdbffc43a3f3d46588c264ac4f024f63f01283becfbb/tomli-2.2.1-cp311-cp311-macosx_11_0_arm64.whl", hash = "sha256:023aa114dd824ade0100497eb2318602af309e5a55595f76b626d6d9f3b7b0a6", size = 123429 },
    { url = "https://files.pythonhosted.org/packages/f1/dd/4f6cd1e7b160041db83c694abc78e100473c15d54620083dbd5aae7b990e/tomli-2.2.1-cp311-cp311-manylinux_2_17_aarch64.manylinux2014_aarch64.whl", hash = "sha256:ece47d672db52ac607a3d9599a9d48dcb2f2f735c6c2d1f34130085bb12b112a", size = 226067 },
    { url = "https://files.pythonhosted.org/packages/a9/6b/c54ede5dc70d648cc6361eaf429304b02f2871a345bbdd51e993d6cdf550/tomli-2.2.1-cp311-cp311-manylinux_2_17_x86_64.manylinux2014_x86_64.whl", hash = "sha256:6972ca9c9cc9f0acaa56a8ca1ff51e7af152a9f87fb64623e31d5c83700080ee", size = 236030 },
    { url = "https://files.pythonhosted.org/packages/1f/47/999514fa49cfaf7a92c805a86c3c43f4215621855d151b61c602abb38091/tomli-2.2.1-cp311-cp311-manylinux_2_5_i686.manylinux1_i686.manylinux_2_17_i686.manylinux2014_i686.whl", hash = "sha256:c954d2250168d28797dd4e3ac5cf812a406cd5a92674ee4c8f123c889786aa8e", size = 240898 },
    { url = "https://files.pythonhosted.org/packages/73/41/0a01279a7ae09ee1573b423318e7934674ce06eb33f50936655071d81a24/tomli-2.2.1-cp311-cp311-musllinux_1_2_aarch64.whl", hash = "sha256:8dd28b3e155b80f4d54beb40a441d366adcfe740969820caf156c019fb5c7ec4", size = 229894 },
    { url = "https://files.pythonhosted.org/packages/55/18/5d8bc5b0a0362311ce4d18830a5d28943667599a60d20118074ea1b01bb7/tomli-2.2.1-cp311-cp311-musllinux_1_2_i686.whl", hash = "sha256:e59e304978767a54663af13c07b3d1af22ddee3bb2fb0618ca1593e4f593a106", size = 245319 },
    { url = "https://files.pythonhosted.org/packages/92/a3/7ade0576d17f3cdf5ff44d61390d4b3febb8a9fc2b480c75c47ea048c646/tomli-2.2.1-cp311-cp311-musllinux_1_2_x86_64.whl", hash = "sha256:33580bccab0338d00994d7f16f4c4ec25b776af3ffaac1ed74e0b3fc95e885a8", size = 238273 },
    { url = "https://files.pythonhosted.org/packages/72/6f/fa64ef058ac1446a1e51110c375339b3ec6be245af9d14c87c4a6412dd32/tomli-2.2.1-cp311-cp311-win32.whl", hash = "sha256:465af0e0875402f1d226519c9904f37254b3045fc5084697cefb9bdde1ff99ff", size = 98310 },
    { url = "https://files.pythonhosted.org/packages/6a/1c/4a2dcde4a51b81be3530565e92eda625d94dafb46dbeb15069df4caffc34/tomli-2.2.1-cp311-cp311-win_amd64.whl", hash = "sha256:2d0f2fdd22b02c6d81637a3c95f8cd77f995846af7414c5c4b8d0545afa1bc4b", size = 108309 },
    { url = "https://files.pythonhosted.org/packages/52/e1/f8af4c2fcde17500422858155aeb0d7e93477a0d59a98e56cbfe75070fd0/tomli-2.2.1-cp312-cp312-macosx_10_13_x86_64.whl", hash = "sha256:4a8f6e44de52d5e6c657c9fe83b562f5f4256d8ebbfe4ff922c495620a7f6cea", size = 132762 },
    { url = "https://files.pythonhosted.org/packages/03/b8/152c68bb84fc00396b83e7bbddd5ec0bd3dd409db4195e2a9b3e398ad2e3/tomli-2.2.1-cp312-cp312-macosx_11_0_arm64.whl", hash = "sha256:8d57ca8095a641b8237d5b079147646153d22552f1c637fd3ba7f4b0b29167a8", size = 123453 },
    { url = "https://files.pythonhosted.org/packages/c8/d6/fc9267af9166f79ac528ff7e8c55c8181ded34eb4b0e93daa767b8841573/tomli-2.2.1-cp312-cp312-manylinux_2_17_aarch64.manylinux2014_aarch64.whl", hash = "sha256:4e340144ad7ae1533cb897d406382b4b6fede8890a03738ff1683af800d54192", size = 233486 },
    { url = "https://files.pythonhosted.org/packages/5c/51/51c3f2884d7bab89af25f678447ea7d297b53b5a3b5730a7cb2ef6069f07/tomli-2.2.1-cp312-cp312-manylinux_2_17_x86_64.manylinux2014_x86_64.whl", hash = "sha256:db2b95f9de79181805df90bedc5a5ab4c165e6ec3fe99f970d0e302f384ad222", size = 242349 },
    { url = "https://files.pythonhosted.org/packages/ab/df/bfa89627d13a5cc22402e441e8a931ef2108403db390ff3345c05253935e/tomli-2.2.1-cp312-cp312-manylinux_2_5_i686.manylinux1_i686.manylinux_2_17_i686.manylinux2014_i686.whl", hash = "sha256:40741994320b232529c802f8bc86da4e1aa9f413db394617b9a256ae0f9a7f77", size = 252159 },
    { url = "https://files.pythonhosted.org/packages/9e/6e/fa2b916dced65763a5168c6ccb91066f7639bdc88b48adda990db10c8c0b/tomli-2.2.1-cp312-cp312-musllinux_1_2_aarch64.whl", hash = "sha256:400e720fe168c0f8521520190686ef8ef033fb19fc493da09779e592861b78c6", size = 237243 },
    { url = "https://files.pythonhosted.org/packages/b4/04/885d3b1f650e1153cbb93a6a9782c58a972b94ea4483ae4ac5cedd5e4a09/tomli-2.2.1-cp312-cp312-musllinux_1_2_i686.whl", hash = "sha256:02abe224de6ae62c19f090f68da4e27b10af2b93213d36cf44e6e1c5abd19fdd", size = 259645 },
    { url = "https://files.pythonhosted.org/packages/9c/de/6b432d66e986e501586da298e28ebeefd3edc2c780f3ad73d22566034239/tomli-2.2.1-cp312-cp312-musllinux_1_2_x86_64.whl", hash = "sha256:b82ebccc8c8a36f2094e969560a1b836758481f3dc360ce9a3277c65f374285e", size = 244584 },
    { url = "https://files.pythonhosted.org/packages/1c/9a/47c0449b98e6e7d1be6cbac02f93dd79003234ddc4aaab6ba07a9a7482e2/tomli-2.2.1-cp312-cp312-win32.whl", hash = "sha256:889f80ef92701b9dbb224e49ec87c645ce5df3fa2cc548664eb8a25e03127a98", size = 98875 },
    { url = "https://files.pythonhosted.org/packages/ef/60/9b9638f081c6f1261e2688bd487625cd1e660d0a85bd469e91d8db969734/tomli-2.2.1-cp312-cp312-win_amd64.whl", hash = "sha256:7fc04e92e1d624a4a63c76474610238576942d6b8950a2d7f908a340494e67e4", size = 109418 },
    { url = "https://files.pythonhosted.org/packages/6e/c2/61d3e0f47e2b74ef40a68b9e6ad5984f6241a942f7cd3bbfbdbd03861ea9/tomli-2.2.1-py3-none-any.whl", hash = "sha256:cb55c73c5f4408779d0cf3eef9f762b9c9f147a77de7b258bef0a5628adc85cc", size = 14257 },
]

[[package]]
name = "typing-extensions"
version = "4.7.1"
source = { registry = "https://pypi.org/simple" }
sdist = { url = "https://files.pythonhosted.org/packages/3c/8b/0111dd7d6c1478bf83baa1cab85c686426c7a6274119aceb2bd9d35395ad/typing_extensions-4.7.1.tar.gz", hash = "sha256:b75ddc264f0ba5615db7ba217daeb99701ad295353c45f9e95963337ceeeffb2", size = 72876 }
wheels = [
    { url = "https://files.pythonhosted.org/packages/ec/6b/63cc3df74987c36fe26157ee12e09e8f9db4de771e0f3404263117e75b95/typing_extensions-4.7.1-py3-none-any.whl", hash = "sha256:440d5dd3af93b060174bf433bccd69b0babc3b15b1a8dca43789fd7f61514b36", size = 33232 },
]

[[package]]
name = "xlsxwriter"
version = "3.2.0"
source = { registry = "https://pypi.org/simple" }
sdist = { url = "https://files.pythonhosted.org/packages/a6/c3/b36fa44a0610a0f65d2e65ba6a262cbe2554b819f1449731971f7c16ea3c/XlsxWriter-3.2.0.tar.gz", hash = "sha256:9977d0c661a72866a61f9f7a809e25ebbb0fb7036baa3b9fe74afcfca6b3cb8c", size = 198732 }
wheels = [
    { url = "https://files.pythonhosted.org/packages/a7/ea/53d1fe468e63e092cf16e2c18d16f50c29851242f9dd12d6a66e0d7f0d02/XlsxWriter-3.2.0-py3-none-any.whl", hash = "sha256:ecfd5405b3e0e228219bcaf24c2ca0915e012ca9464a14048021d21a995d490e", size = 159925 },
]

[[package]]
name = "zeroconf"
version = "0.131.0"
source = { registry = "https://pypi.org/simple" }
dependencies = [
    { name = "async-timeout", marker = "python_full_version < '3.11'" },
    { name = "ifaddr" },
]
sdist = { url = "https://files.pythonhosted.org/packages/b4/b0/a4f6ceb219d3cfed5f1f8dcdbf026f9224b1da0d4da9e57af01d814fec17/zeroconf-0.131.0.tar.gz", hash = "sha256:90c431e99192a044a5e0217afd7ca0ca9824af93190332e6f7baf4da5375f331", size = 169253 }
wheels = [
    { url = "https://files.pythonhosted.org/packages/1a/fc/ee8b51712663a51caf95f0613f265272f93e04826607d4f2a16e1a24ec0c/zeroconf-0.131.0-cp310-cp310-macosx_11_0_x86_64.whl", hash = "sha256:3bc16228495e67ec990668970e815b341160258178c21b7716400c5e7a78976a", size = 5007477 },
    { url = "https://files.pythonhosted.org/packages/82/8e/a8c8a6afd37a7365038ee923c1726c9ad3abe2d1d7fd7bb0451b28a33e7b/zeroconf-0.131.0-cp310-cp310-manylinux_2_17_i686.manylinux_2_5_i686.manylinux1_i686.manylinux2014_i686.whl", hash = "sha256:e0d1357940b590466bc72ac605e6ad3f7f05b2e1475b6896ec8e4c61e4d23034", size = 12921766 },
    { url = "https://files.pythonhosted.org/packages/41/be/899edd591bcf83177d21208d004d1e0d2e33bb92f121d23d1740f85f67cd/zeroconf-0.131.0-cp310-cp310-manylinux_2_17_x86_64.manylinux2014_x86_64.whl", hash = "sha256:434344df3037df08bad7422d5d36a415f30ddcc29ac1ad0cc0160b4976b782b5", size = 13425266 },
    { url = "https://files.pythonhosted.org/packages/6d/9a/abcdbbeace1b8e2949b279254fd80588b8df3f56ecd2e4fd1b1637ff193f/zeroconf-0.131.0-cp310-cp310-manylinux_2_31_x86_64.whl", hash = "sha256:c75bb2c1e472723067c7ec986ea510350c335bf8e73ad12617fc6a9ec765dc4b", size = 10387946 },
    { url = "https://files.pythonhosted.org/packages/83/dd/79f135841bbf2af5b79403dc94590ade417671cbe0cdff4f6db02214dc59/zeroconf-0.131.0-cp310-cp310-musllinux_1_1_i686.whl", hash = "sha256:18ff5b28e8935e5399fe47ece323e15816bc2ea4111417c41fc09726ff056cd2", size = 12926305 },
    { url = "https://files.pythonhosted.org/packages/f4/d8/f613ee66154de35d6e1017fbf3717acd3875f0dd99be30cefc2f972ba0c8/zeroconf-0.131.0-cp310-cp310-musllinux_1_1_x86_64.whl", hash = "sha256:3a49aaff22bc576680b4bcb3c7de896587f6ab4adaa788bedbc468dd0ad28cce", size = 13462979 },
    { url = "https://files.pythonhosted.org/packages/a1/ba/7c2db8b368f7cb6c35786de7bf1ae888bdc1b51176d5e9dfcd23596f4ff3/zeroconf-0.131.0-cp310-cp310-win32.whl", hash = "sha256:c3f0f87e47e4d5a9bcfcfc1ce29d0e9127a5cab63e839cc6f845c563f29d765c", size = 4455051 },
    { url = "https://files.pythonhosted.org/packages/f2/b7/180b90a722e134ce51a1119c03852734a4465a18621f9486da700b3cbe14/zeroconf-0.131.0-cp310-cp310-win_amd64.whl", hash = "sha256:52b65e5eeacae121695bcea347cc9ad7da5556afcd3765c461e652ca3e8a84e9", size = 4680430 },
    { url = "https://files.pythonhosted.org/packages/53/74/0feb99f79a0696750f43c4f6e610326a72202583d012cbec9a170cda9744/zeroconf-0.131.0-cp311-cp311-macosx_11_0_x86_64.whl", hash = "sha256:6a041468c428622798193f0006831237aa749ee23e26b5b79e457618484457ef", size = 5009536 },
    { url = "https://files.pythonhosted.org/packages/84/7b/3aa3fec10702890ea24cb9c32ffb8df236c6c74b9f1e24a704f6a6341ace/zeroconf-0.131.0-cp311-cp311-manylinux_2_17_aarch64.manylinux2014_aarch64.whl", hash = "sha256:9a7f3b9a580af6bf74a7c435b80925dfeb065c987dffaf4d957d578366a80b2c", size = 11286261 },
    { url = "https://files.pythonhosted.org/packages/04/85/1b9d2c7ecc2bad7cd8e01579cc8939fcc0a883fdda22bc45005914f4b514/zeroconf-0.131.0-cp311-cp311-manylinux_2_17_i686.manylinux_2_5_i686.manylinux1_i686.manylinux2014_i686.whl", hash = "sha256:cc7a76103b03f47d2aa02206f74cc8b2120f4bac02936ccee5d6f29290f5bde5", size = 13835932 },
    { url = "https://files.pythonhosted.org/packages/c1/07/e4b12502379c75927b1a982cefa58aa6781109511fb51d1d121f8c039d5d/zeroconf-0.131.0-cp311-cp311-manylinux_2_17_x86_64.manylinux2014_x86_64.whl", hash = "sha256:5d777b177cb472f7996b9d696b81337bfb846dbe454b8a34a8e33704d3a435b0", size = 14382694 },
    { url = "https://files.pythonhosted.org/packages/3b/db/5601d28ebba95dbcba10bdc2da3f31267762a65bef618091d0368e226730/zeroconf-0.131.0-cp311-cp311-musllinux_1_1_i686.whl", hash = "sha256:b843d5e2d2e576efeab59e382907bca1302f20eb33ee1a0a485e90d017b1088a", size = 13788715 },
    { url = "https://files.pythonhosted.org/packages/bc/95/fa4bb531fd0d3a64b882a6854b993bb368fc5f06904580c70dbe72a55c4f/zeroconf-0.131.0-cp311-cp311-musllinux_1_1_x86_64.whl", hash = "sha256:08eb87b0500ddc7c148fe3db3913e9d07d5495d756d7d75683f2dee8d7a09dc5", size = 14410261 },
    { url = "https://files.pythonhosted.org/packages/0b/bc/c87b12c59c69fd899655bb9e2da87f5d7ed35d25e7b24e3c35fd12f7dff9/zeroconf-0.131.0-cp311-cp311-win32.whl", hash = "sha256:3b167b9e47f3fec8cc28a8f73a9e47c563ceb6681c16dcbe2c7d41e084cee755", size = 4451608 },
    { url = "https://files.pythonhosted.org/packages/78/64/17eb744cfce4114d90eadd696a27fe84c226849cd41d77349e9294969d86/zeroconf-0.131.0-cp311-cp311-win_amd64.whl", hash = "sha256:f74149a22a6a27e4c039f6477188dcbcb910acd60529dab5c114ff6265d40ba7", size = 4683971 },
    { url = "https://files.pythonhosted.org/packages/05/a1/f7d6e8720aa430f3838185ea6de993fcec19e11662022cac357da5c97a42/zeroconf-0.131.0-cp312-cp312-macosx_11_0_x86_64.whl", hash = "sha256:4865ef65b7eb7eee1a38c05bf7e91dd8182ef2afb1add65440f99e8dd43836d2", size = 5021903 },
    { url = "https://files.pythonhosted.org/packages/1f/4b/d6fd8061ae1bfbd0048699b4ed440988a609ff4191a8a6e626cf2c7b65ff/zeroconf-0.131.0-cp312-cp312-manylinux_2_17_aarch64.manylinux2014_aarch64.whl", hash = "sha256:38bfd08c9191716d65e6ac52741442ee918bfe2db43993aa4d3b365966c0ab48", size = 14058950 },
    { url = "https://files.pythonhosted.org/packages/85/a6/cf71888dc11818f37e8643f8dc6fc84cea8498dd444141e5236b7eb68ec8/zeroconf-0.131.0-cp312-cp312-manylinux_2_17_i686.manylinux_2_5_i686.manylinux1_i686.manylinux2014_i686.whl", hash = "sha256:2389e3a61e99bf74796da7ebc3001b90ecd4e6286f392892b1211748e5b19853", size = 13587322 },
    { url = "https://files.pythonhosted.org/packages/2c/c4/0c5ad630609cd9a82b4747e58b8055d9203e062b32944677a6ff489a492c/zeroconf-0.131.0-cp312-cp312-manylinux_2_17_x86_64.manylinux2014_x86_64.whl", hash = "sha256:194cf1465a756c3090e23ef2a5bd3341caa8d36eef486054daa8e532a4e24ac8", size = 14209841 },
    { url = "https://files.pythonhosted.org/packages/5d/ac/9744acc298c9936a4b4e2e0ab64803cd3ca9f26b4c3cd3bcde60b99106ee/zeroconf-0.131.0-cp312-cp312-musllinux_1_1_i686.whl", hash = "sha256:2907784c8c88795bf1b74cc9b6a4051e37a519ae2caaa7307787d466bc57884c", size = 13458286 },
    { url = "https://files.pythonhosted.org/packages/7d/dd/d8d6fe64eece984941d261a29e27b1cf18701737e63c7011f07ef23e7509/zeroconf-0.131.0-cp312-cp312-musllinux_1_1_x86_64.whl", hash = "sha256:ce67d8dab4d88bcd1e5975d08235590fc5b9f31b2e2b7993ee1680810e67e56d", size = 14184891 },
    { url = "https://files.pythonhosted.org/packages/3c/da/2fc7899d6f2901756577ac8def77dd8de608c5bae0a99fadfe91cee959eb/zeroconf-0.131.0-cp312-cp312-win32.whl", hash = "sha256:9dfa3d8827efffebec61b108162eeb76b0fe170a8379f9838be441f61b4557fd", size = 4455840 },
    { url = "https://files.pythonhosted.org/packages/aa/8f/0c622b799ef9f9a885f934af6ed772e44350df536eee68358c8a615c1cb8/zeroconf-0.131.0-cp312-cp312-win_amd64.whl", hash = "sha256:8642d374481d8cc7be9e364b82bcd11bda4a095c24c5f9f5754017a118496b77", size = 4681819 },
    { url = "https://files.pythonhosted.org/packages/47/d8/df10a59abf8af86c416bf0c45a41ba1ef8c346d3f4ff895fddbea5e7d21c/zeroconf-0.131.0-pp310-pypy310_pp73-macosx_11_0_x86_64.whl", hash = "sha256:d4baa0450b9b0f1bd8acc25c2970d4e49e54726cbc437b81ffb65e5ffb6bd321", size = 4631379 },
    { url = "https://files.pythonhosted.org/packages/c2/62/8a407f8e7dc4bcb77bea88166c774d3b98244c24bb42007e253bcc329ede/zeroconf-0.131.0-pp310-pypy310_pp73-manylinux_2_17_i686.manylinux_2_5_i686.manylinux1_i686.manylinux2014_i686.whl", hash = "sha256:3768ab13a8d7f0df85e40e766edd9e2aef28710a350dc4b15e1f2c5dd1326f00", size = 4928960 },
    { url = "https://files.pythonhosted.org/packages/80/6a/660ceb5cd62fb8beed6dbe426f0b3d16b7be8f13db1eb3320c213a05f6e8/zeroconf-0.131.0-pp310-pypy310_pp73-manylinux_2_17_x86_64.manylinux2014_x86_64.whl", hash = "sha256:c10158396d6875f790bfb5600391d44edcbf52ac4d148e19baab3e8bb7825f76", size = 4890727 },
    { url = "https://files.pythonhosted.org/packages/70/dd/25b84ada8229a93dea03c1246a51720602b370aeeb1c9d2728ef005dfff9/zeroconf-0.131.0-pp310-pypy310_pp73-win_amd64.whl", hash = "sha256:28d906fc0779badb2183f5b20dbcc7e508cce53a13e63ba4d9477381c9f77463", size = 4569037 },
]
